
Microsoft Visual Studio Solution File, Format Version 12.00
# Visual Studio Version 16
VisualStudioVersion = 16.0.33927.289
MinimumVisualStudioVersion = 10.0.40219.1
Project("{FAE04EC0-301F-11D3-BF4B-00C04F79EFBC}") = "HealthSystem", "HealthSystem\HealthSystem.csproj", "{3F3C7D6C-F022-45B5-B322-91A6E21553F8}"
EndProject
Project("{FAE04EC0-301F-11D3-BF4B-00C04F79EFBC}") = "HealthSystem.UnitTests", "HealthSystem.UnitTests\HealthSystem.UnitTests.csproj", "{FF0AA659-03DA-4206-8B4F-769FE8031964}"
EndProject
Global
	GlobalSection(SolutionConfigurationPlatforms) = preSolution
		Debug|Any CPU = Debug|Any CPU
		Release|Any CPU = Release|Any CPU
	EndGlobalSection
	GlobalSection(ProjectConfigurationPlatforms) = postSolution
		{3F3C7D6C-F022-45B5-B322-91A6E21553F8}.Release|Any CPU.ActiveCfg = Release|Any CPU
		{3F3C7D6C-F022-45B5-B322-91A6E21553F8}.Release|Any CPU.Build.0 = Release|Any CPU
		{3F3C7D6C-F022-45B5-B322-91A6E21553F8}.Debug|Any CPU.ActiveCfg = Release|Any CPU
		{3F3C7D6C-F022-45B5-B322-91A6E21553F8}.Debug|Any CPU.Build.0 = Release|Any CPU
		{FF0AA659-03DA-4206-8B4F-769FE8031964}.Release|Any CPU.ActiveCfg = Release|Any CPU
		{FF0AA659-03DA-4206-8B4F-769FE8031964}.Release|Any CPU.Build.0 = Release|Any CPU
		{FF0AA659-03DA-4206-8B4F-769FE8031964}.Debug|Any CPU.ActiveCfg = Release|Any CPU
		{FF0AA659-03DA-4206-8B4F-769FE8031964}.Debug|Any CPU.Build.0 = Release|Any CPU
	EndGlobalSection
	GlobalSection(SolutionProperties) = preSolution
		HideSolutionNode = FALSE
	EndGlobalSection
	GlobalSection(ExtensibilityGlobals) = postSolution
		SolutionGuid = {671874C8-6343-4D8B-B437-CB989D6D7D71}
	EndGlobalSection
EndGlobal
